
Microsoft Visual Studio Solution File, Format Version 12.00
Project("{FAE04EC0-301F-11D3-BF4B-00C04F79EFBC}") = "GoogleInterview", "GoogleInterview\GoogleInterview.csproj", "{334275EC-5231-4AB6-9427-15A6E653763D}"
EndProject
Project("{FAE04EC0-301F-11D3-BF4B-00C04F79EFBC}") = "FirstInterview", "FirstInterview\FirstInterview.csproj", "{CA2F676F-859F-44D9-B0B4-22436532C98A}"
EndProject
Global
	GlobalSection(SolutionConfigurationPlatforms) = preSolution
		Debug|Any CPU = Debug|Any CPU
		Release|Any CPU = Release|Any CPU
	EndGlobalSection
	GlobalSection(ProjectConfigurationPlatforms) = postSolution
		{334275EC-5231-4AB6-9427-15A6E653763D}.Debug|Any CPU.ActiveCfg = Debug|Any CPU
		{334275EC-5231-4AB6-9427-15A6E653763D}.Debug|Any CPU.Build.0 = Debug|Any CPU
		{334275EC-5231-4AB6-9427-15A6E653763D}.Release|Any CPU.ActiveCfg = Release|Any CPU
		{334275EC-5231-4AB6-9427-15A6E653763D}.Release|Any CPU.Build.0 = Release|Any CPU
		{CA2F676F-859F-44D9-B0B4-22436532C98A}.Debug|Any CPU.ActiveCfg = Debug|Any CPU
		{CA2F676F-859F-44D9-B0B4-22436532C98A}.Debug|Any CPU.Build.0 = Debug|Any CPU
		{CA2F676F-859F-44D9-B0B4-22436532C98A}.Release|Any CPU.ActiveCfg = Release|Any CPU
		{CA2F676F-859F-44D9-B0B4-22436532C98A}.Release|Any CPU.Build.0 = Release|Any CPU
	EndGlobalSection
EndGlobal
